
Microsoft Visual Studio Solution File, Format Version 12.00
# Visual Studio Version 17
VisualStudioVersion = 17.5.33516.290
MinimumVisualStudioVersion = 10.0.40219.1
Project("{9A19103F-16F7-4668-BE54-9A1E7A4F7556}") = "BuJoCreator", "BuJoCreator\BuJoCreator.csproj", "{6870D847-86F9-4ECC-BCFC-5C28857F8A5D}"
EndProject
Project("{9A19103F-16F7-4668-BE54-9A1E7A4F7556}") = "BuJoCreator.Tests", "BuJoCreator.Tests\BuJoCreator.Tests.csproj", "{E00E3E13-FD88-4353-A035-EE925DCC9584}"
EndProject
Project("{FAE04EC0-301F-11D3-BF4B-00C04F79EFBC}") = "BuJoProApi", "BuJoProApi\BuJoProApi.csproj", "{B44FC360-68DA-4294-8AF4-03F871E92736}"
EndProject
Project("{FAE04EC0-301F-11D3-BF4B-00C04F79EFBC}") = "BuJoProApplicationLogic", "BuJoProApplicationLogic\BuJoProApplicationLogic.csproj", "{CC8AC3F7-DA0A-4BDC-A7E4-9DF957E029BF}"
EndProject
Global
	GlobalSection(SolutionConfigurationPlatforms) = preSolution
		Debug|Any CPU = Debug|Any CPU
		Release|Any CPU = Release|Any CPU
	EndGlobalSection
	GlobalSection(ProjectConfigurationPlatforms) = postSolution
		{6870D847-86F9-4ECC-BCFC-5C28857F8A5D}.Debug|Any CPU.ActiveCfg = Debug|Any CPU
		{6870D847-86F9-4ECC-BCFC-5C28857F8A5D}.Debug|Any CPU.Build.0 = Debug|Any CPU
		{6870D847-86F9-4ECC-BCFC-5C28857F8A5D}.Release|Any CPU.ActiveCfg = Release|Any CPU
		{6870D847-86F9-4ECC-BCFC-5C28857F8A5D}.Release|Any CPU.Build.0 = Release|Any CPU
		{E00E3E13-FD88-4353-A035-EE925DCC9584}.Debug|Any CPU.ActiveCfg = Debug|Any CPU
		{E00E3E13-FD88-4353-A035-EE925DCC9584}.Debug|Any CPU.Build.0 = Debug|Any CPU
		{E00E3E13-FD88-4353-A035-EE925DCC9584}.Release|Any CPU.ActiveCfg = Release|Any CPU
		{E00E3E13-FD88-4353-A035-EE925DCC9584}.Release|Any CPU.Build.0 = Release|Any CPU
		{B44FC360-68DA-4294-8AF4-03F871E92736}.Debug|Any CPU.ActiveCfg = Debug|Any CPU
		{B44FC360-68DA-4294-8AF4-03F871E92736}.Debug|Any CPU.Build.0 = Debug|Any CPU
		{B44FC360-68DA-4294-8AF4-03F871E92736}.Release|Any CPU.ActiveCfg = Release|Any CPU
		{B44FC360-68DA-4294-8AF4-03F871E92736}.Release|Any CPU.Build.0 = Release|Any CPU
		{CC8AC3F7-DA0A-4BDC-A7E4-9DF957E029BF}.Debug|Any CPU.ActiveCfg = Debug|Any CPU
		{CC8AC3F7-DA0A-4BDC-A7E4-9DF957E029BF}.Debug|Any CPU.Build.0 = Debug|Any CPU
		{CC8AC3F7-DA0A-4BDC-A7E4-9DF957E029BF}.Release|Any CPU.ActiveCfg = Release|Any CPU
		{CC8AC3F7-DA0A-4BDC-A7E4-9DF957E029BF}.Release|Any CPU.Build.0 = Release|Any CPU
	EndGlobalSection
	GlobalSection(SolutionProperties) = preSolution
		HideSolutionNode = FALSE
	EndGlobalSection
	GlobalSection(ExtensibilityGlobals) = postSolution
		SolutionGuid = {B462D2AD-88D9-4E6F-BA92-2EC5859FCBD7}
	EndGlobalSection
EndGlobal
